{
    "_readme": [
        "This file locks the dependencies of your project to a known state",
        "Read more about it at https://getcomposer.org/doc/01-basic-usage.md#installing-dependencies",
        "This file is @generated automatically"
    ],
    "content-hash": "371a8ef0f940ea0a73c6253362dcc6e8",
    "packages": [
        {
            "name": "brick/math",
            "version": "0.11.0",
            "source": {
                "type": "git",
                "url": "https://github.com/brick/math.git",
                "reference": "0ad82ce168c82ba30d1c01ec86116ab52f589478"
            },
            "dist": {
                "type": "zip",
                "url": "https://api.github.com/repos/brick/math/zipball/0ad82ce168c82ba30d1c01ec86116ab52f589478",
                "reference": "0ad82ce168c82ba30d1c01ec86116ab52f589478",
                "shasum": ""
            },
            "require": {
                "php": "^8.0"
            },
            "require-dev": {
                "php-coveralls/php-coveralls": "^2.2",
                "phpunit/phpunit": "^9.0",
                "vimeo/psalm": "5.0.0"
            },
            "type": "library",
            "autoload": {
                "psr-4": {
                    "Brick\\Math\\": "src/"
                }
            },
            "notification-url": "https://packagist.org/downloads/",
            "license": [
                "MIT"
            ],
            "description": "Arbitrary-precision arithmetic library",
            "keywords": [
                "Arbitrary-precision",
                "BigInteger",
                "BigRational",
                "arithmetic",
                "bigdecimal",
                "bignum",
                "brick",
                "math"
            ],
            "support": {
                "issues": "https://github.com/brick/math/issues",
                "source": "https://github.com/brick/math/tree/0.11.0"
            },
            "funding": [
                {
                    "url": "https://github.com/BenMorel",
                    "type": "github"
                }
            ],
            "time": "2023-01-15T23:15:59+00:00"
        },
        {
            "name": "edamov/pushok",
            "version": "0.15.6",
            "source": {
                "type": "git",
                "url": "https://github.com/edamov/pushok.git",
                "reference": "d19f310de4729f982ea1126f1d9105df77eab379"
            },
            "dist": {
                "type": "zip",
                "url": "https://api.github.com/repos/edamov/pushok/zipball/d19f310de4729f982ea1126f1d9105df77eab379",
                "reference": "d19f310de4729f982ea1126f1d9105df77eab379",
                "shasum": ""
            },
            "require": {
                "ext-curl": "*",
                "ext-intl": "*",
                "ext-json": "*",
                "ext-openssl": "*",
                "ext-xml": "*",
                "lib-curl": ">=7.46.0",
                "lib-openssl": ">=1.0.2.5",
                "php": "^8.1",
                "web-token/jwt-key-mgmt": "^3.0",
                "web-token/jwt-signature-algorithm-ecdsa": "^3.0"
            },
            "require-dev": {
                "ext-xdebug": "*",
                "php-coveralls/php-coveralls": "^2.0",
                "phpunit/phpunit": "^8.4",
                "squizlabs/php_codesniffer": "^3.4"
            },
            "type": "library",
            "extra": {
                "branch-alias": {
                    "dev-master": "0.1.x-dev"
                }
            },
            "autoload": {
                "psr-4": {
                    "Pushok\\": "src/"
                }
            },
            "notification-url": "https://packagist.org/downloads/",
            "license": [
                "MIT"
            ],
            "authors": [
                {
                    "name": "Artur Edamov",
                    "email": "edamov@gmail.com",
                    "homepage": "https://github.com/edamov",
                    "role": "Developer"
                }
            ],
            "description": "PHP client for Apple Push Notification Service (APNs) - Send push notifications to iOS using the new APNs HTTP/2 protocol with token-based (JWT with p8 private key) or certificate-based authentication",
            "homepage": "https://github.com/edamov/pushok",
            "keywords": [
                "apns",
                "p8",
                "php apns",
                "push notifications"
            ],
            "support": {
                "issues": "https://github.com/edamov/pushok/issues",
                "source": "https://github.com/edamov/pushok/tree/0.15.6"
            },
            "time": "2023-04-14T03:27:34+00:00"
        },
        {
            "name": "paragonie/constant_time_encoding",
            "version": "v2.6.3",
            "source": {
                "type": "git",
                "url": "https://github.com/paragonie/constant_time_encoding.git",
                "reference": "58c3f47f650c94ec05a151692652a868995d2938"
            },
            "dist": {
                "type": "zip",
                "url": "https://api.github.com/repos/paragonie/constant_time_encoding/zipball/58c3f47f650c94ec05a151692652a868995d2938",
                "reference": "58c3f47f650c94ec05a151692652a868995d2938",
                "shasum": ""
            },
            "require": {
                "php": "^7|^8"
            },
            "require-dev": {
                "phpunit/phpunit": "^6|^7|^8|^9",
                "vimeo/psalm": "^1|^2|^3|^4"
            },
            "type": "library",
            "autoload": {
                "psr-4": {
                    "ParagonIE\\ConstantTime\\": "src/"
                }
            },
            "notification-url": "https://packagist.org/downloads/",
            "license": [
                "MIT"
            ],
            "authors": [
                {
                    "name": "Paragon Initiative Enterprises",
                    "email": "security@paragonie.com",
                    "homepage": "https://paragonie.com",
                    "role": "Maintainer"
                },
                {
                    "name": "Steve 'Sc00bz' Thomas",
                    "email": "steve@tobtu.com",
                    "homepage": "https://www.tobtu.com",
                    "role": "Original Developer"
                }
            ],
            "description": "Constant-time Implementations of RFC 4648 Encoding (Base-64, Base-32, Base-16)",
            "keywords": [
                "base16",
                "base32",
                "base32_decode",
                "base32_encode",
                "base64",
                "base64_decode",
                "base64_encode",
                "bin2hex",
                "encoding",
                "hex",
                "hex2bin",
                "rfc4648"
            ],
            "support": {
                "email": "info@paragonie.com",
                "issues": "https://github.com/paragonie/constant_time_encoding/issues",
                "source": "https://github.com/paragonie/constant_time_encoding"
            },
            "time": "2022-06-14T06:56:20+00:00"
        },
        {
            "name": "psr/http-client",
            "version": "1.0.3",
            "source": {
                "type": "git",
                "url": "https://github.com/php-fig/http-client.git",
                "reference": "bb5906edc1c324c9a05aa0873d40117941e5fa90"
            },
            "dist": {
                "type": "zip",
                "url": "https://api.github.com/repos/php-fig/http-client/zipball/bb5906edc1c324c9a05aa0873d40117941e5fa90",
                "reference": "bb5906edc1c324c9a05aa0873d40117941e5fa90",
                "shasum": ""
            },
            "require": {
                "php": "^7.0 || ^8.0",
                "psr/http-message": "^1.0 || ^2.0"
            },
            "type": "library",
            "extra": {
                "branch-alias": {
                    "dev-master": "1.0.x-dev"
                }
            },
            "autoload": {
                "psr-4": {
                    "Psr\\Http\\Client\\": "src/"
                }
            },
            "notification-url": "https://packagist.org/downloads/",
            "license": [
                "MIT"
            ],
            "authors": [
                {
                    "name": "PHP-FIG",
                    "homepage": "https://www.php-fig.org/"
                }
            ],
            "description": "Common interface for HTTP clients",
            "homepage": "https://github.com/php-fig/http-client",
            "keywords": [
                "http",
                "http-client",
                "psr",
                "psr-18"
            ],
            "support": {
                "source": "https://github.com/php-fig/http-client"
            },
            "time": "2023-09-23T14:17:50+00:00"
        },
        {
            "name": "psr/http-factory",
            "version": "1.0.2",
            "source": {
                "type": "git",
                "url": "https://github.com/php-fig/http-factory.git",
                "reference": "e616d01114759c4c489f93b099585439f795fe35"
            },
            "dist": {
                "type": "zip",
                "url": "https://api.github.com/repos/php-fig/http-factory/zipball/e616d01114759c4c489f93b099585439f795fe35",
                "reference": "e616d01114759c4c489f93b099585439f795fe35",
                "shasum": ""
            },
            "require": {
                "php": ">=7.0.0",
                "psr/http-message": "^1.0 || ^2.0"
            },
            "type": "library",
            "extra": {
                "branch-alias": {
                    "dev-master": "1.0.x-dev"
                }
            },
            "autoload": {
                "psr-4": {
                    "Psr\\Http\\Message\\": "src/"
                }
            },
            "notification-url": "https://packagist.org/downloads/",
            "license": [
                "MIT"
            ],
            "authors": [
                {
                    "name": "PHP-FIG",
                    "homepage": "https://www.php-fig.org/"
                }
            ],
            "description": "Common interfaces for PSR-7 HTTP message factories",
            "keywords": [
                "factory",
                "http",
                "message",
                "psr",
                "psr-17",
                "psr-7",
                "request",
                "response"
            ],
            "support": {
                "source": "https://github.com/php-fig/http-factory/tree/1.0.2"
            },
            "time": "2023-04-10T20:10:41+00:00"
        },
        {
            "name": "psr/http-message",
            "version": "2.0",
            "source": {
                "type": "git",
                "url": "https://github.com/php-fig/http-message.git",
                "reference": "402d35bcb92c70c026d1a6a9883f06b2ead23d71"
            },
            "dist": {
                "type": "zip",
                "url": "https://api.github.com/repos/php-fig/http-message/zipball/402d35bcb92c70c026d1a6a9883f06b2ead23d71",
                "reference": "402d35bcb92c70c026d1a6a9883f06b2ead23d71",
                "shasum": ""
            },
            "require": {
                "php": "^7.2 || ^8.0"
            },
            "type": "library",
            "extra": {
                "branch-alias": {
                    "dev-master": "2.0.x-dev"
                }
            },
            "autoload": {
                "psr-4": {
                    "Psr\\Http\\Message\\": "src/"
                }
            },
            "notification-url": "https://packagist.org/downloads/",
            "license": [
                "MIT"
            ],
            "authors": [
                {
                    "name": "PHP-FIG",
                    "homepage": "https://www.php-fig.org/"
                }
            ],
            "description": "Common interface for HTTP messages",
            "homepage": "https://github.com/php-fig/http-message",
            "keywords": [
                "http",
                "http-message",
                "psr",
                "psr-7",
                "request",
                "response"
            ],
            "support": {
                "source": "https://github.com/php-fig/http-message/tree/2.0"
            },
            "time": "2023-04-04T09:54:51+00:00"
        },
        {
            "name": "ramsey/collection",
            "version": "2.0.0",
            "source": {
                "type": "git",
                "url": "https://github.com/ramsey/collection.git",
                "reference": "a4b48764bfbb8f3a6a4d1aeb1a35bb5e9ecac4a5"
            },
            "dist": {
                "type": "zip",
                "url": "https://api.github.com/repos/ramsey/collection/zipball/a4b48764bfbb8f3a6a4d1aeb1a35bb5e9ecac4a5",
                "reference": "a4b48764bfbb8f3a6a4d1aeb1a35bb5e9ecac4a5",
                "shasum": ""
            },
            "require": {
                "php": "^8.1"
            },
            "require-dev": {
                "captainhook/plugin-composer": "^5.3",
                "ergebnis/composer-normalize": "^2.28.3",
                "fakerphp/faker": "^1.21",
                "hamcrest/hamcrest-php": "^2.0",
                "jangregor/phpstan-prophecy": "^1.0",
                "mockery/mockery": "^1.5",
                "php-parallel-lint/php-console-highlighter": "^1.0",
                "php-parallel-lint/php-parallel-lint": "^1.3",
                "phpcsstandards/phpcsutils": "^1.0.0-rc1",
                "phpspec/prophecy-phpunit": "^2.0",
                "phpstan/extension-installer": "^1.2",
                "phpstan/phpstan": "^1.9",
                "phpstan/phpstan-mockery": "^1.1",
                "phpstan/phpstan-phpunit": "^1.3",
                "phpunit/phpunit": "^9.5",
                "psalm/plugin-mockery": "^1.1",
                "psalm/plugin-phpunit": "^0.18.4",
                "ramsey/coding-standard": "^2.0.3",
                "ramsey/conventional-commits": "^1.3",
                "vimeo/psalm": "^5.4"
            },
            "type": "library",
            "extra": {
                "captainhook": {
                    "force-install": true
                },
                "ramsey/conventional-commits": {
                    "configFile": "conventional-commits.json"
                }
            },
            "autoload": {
                "psr-4": {
                    "Ramsey\\Collection\\": "src/"
                }
            },
            "notification-url": "https://packagist.org/downloads/",
            "license": [
                "MIT"
            ],
            "authors": [
                {
                    "name": "Ben Ramsey",
                    "email": "ben@benramsey.com",
                    "homepage": "https://benramsey.com"
                }
            ],
            "description": "A PHP library for representing and manipulating collections.",
            "keywords": [
                "array",
                "collection",
                "hash",
                "map",
                "queue",
                "set"
            ],
            "support": {
                "issues": "https://github.com/ramsey/collection/issues",
                "source": "https://github.com/ramsey/collection/tree/2.0.0"
            },
            "funding": [
                {
                    "url": "https://github.com/ramsey",
                    "type": "github"
                },
                {
                    "url": "https://tidelift.com/funding/github/packagist/ramsey/collection",
                    "type": "tidelift"
                }
            ],
            "time": "2022-12-31T21:50:55+00:00"
        },
        {
            "name": "ramsey/uuid",
            "version": "4.7.5",
            "source": {
                "type": "git",
                "url": "https://github.com/ramsey/uuid.git",
                "reference": "5f0df49ae5ad6efb7afa69e6bfab4e5b1e080d8e"
            },
            "dist": {
                "type": "zip",
                "url": "https://api.github.com/repos/ramsey/uuid/zipball/5f0df49ae5ad6efb7afa69e6bfab4e5b1e080d8e",
                "reference": "5f0df49ae5ad6efb7afa69e6bfab4e5b1e080d8e",
                "shasum": ""
            },
            "require": {
                "brick/math": "^0.8.8 || ^0.9 || ^0.10 || ^0.11",
                "ext-json": "*",
                "php": "^8.0",
                "ramsey/collection": "^1.2 || ^2.0"
            },
            "replace": {
                "rhumsaa/uuid": "self.version"
            },
            "require-dev": {
                "captainhook/captainhook": "^5.10",
                "captainhook/plugin-composer": "^5.3",
                "dealerdirect/phpcodesniffer-composer-installer": "^0.7.0",
                "doctrine/annotations": "^1.8",
                "ergebnis/composer-normalize": "^2.15",
                "mockery/mockery": "^1.3",
                "paragonie/random-lib": "^2",
                "php-mock/php-mock": "^2.2",
                "php-mock/php-mock-mockery": "^1.3",
                "php-parallel-lint/php-parallel-lint": "^1.1",
                "phpbench/phpbench": "^1.0",
                "phpstan/extension-installer": "^1.1",
                "phpstan/phpstan": "^1.8",
                "phpstan/phpstan-mockery": "^1.1",
                "phpstan/phpstan-phpunit": "^1.1",
                "phpunit/phpunit": "^8.5 || ^9",
                "ramsey/composer-repl": "^1.4",
                "slevomat/coding-standard": "^8.4",
                "squizlabs/php_codesniffer": "^3.5",
                "vimeo/psalm": "^4.9"
            },
            "suggest": {
                "ext-bcmath": "Enables faster math with arbitrary-precision integers using BCMath.",
                "ext-gmp": "Enables faster math with arbitrary-precision integers using GMP.",
                "ext-uuid": "Enables the use of PeclUuidTimeGenerator and PeclUuidRandomGenerator.",
                "paragonie/random-lib": "Provides RandomLib for use with the RandomLibAdapter",
                "ramsey/uuid-doctrine": "Allows the use of Ramsey\\Uuid\\Uuid as Doctrine field type."
            },
            "type": "library",
            "extra": {
                "captainhook": {
                    "force-install": true
                }
            },
            "autoload": {
                "files": [
                    "src/functions.php"
                ],
                "psr-4": {
                    "Ramsey\\Uuid\\": "src/"
                }
            },
            "notification-url": "https://packagist.org/downloads/",
            "license": [
                "MIT"
            ],
            "description": "A PHP library for generating and working with universally unique identifiers (UUIDs).",
            "keywords": [
                "guid",
                "identifier",
                "uuid"
            ],
            "support": {
                "issues": "https://github.com/ramsey/uuid/issues",
                "source": "https://github.com/ramsey/uuid/tree/4.7.5"
            },
            "funding": [
                {
                    "url": "https://github.com/ramsey",
                    "type": "github"
                },
                {
                    "url": "https://tidelift.com/funding/github/packagist/ramsey/uuid",
                    "type": "tidelift"
                }
            ],
            "time": "2023-11-08T05:53:05+00:00"
        },
        {
            "name": "spomky-labs/pki-framework",
            "version": "1.1.0",
            "source": {
                "type": "git",
                "url": "https://github.com/Spomky-Labs/pki-framework.git",
                "reference": "d3ba688bf40e7c6e0dabf065ee18fc210734e760"
            },
            "dist": {
                "type": "zip",
                "url": "https://api.github.com/repos/Spomky-Labs/pki-framework/zipball/d3ba688bf40e7c6e0dabf065ee18fc210734e760",
                "reference": "d3ba688bf40e7c6e0dabf065ee18fc210734e760",
                "shasum": ""
            },
            "require": {
                "brick/math": "^0.10 || ^0.11",
                "ext-mbstring": "*",
                "php": ">=8.1"
            },
            "require-dev": {
                "ekino/phpstan-banned-code": "^1.0",
                "ext-gmp": "*",
                "ext-openssl": "*",
                "infection/infection": "^0.26",
                "php-parallel-lint/php-parallel-lint": "^1.3",
                "phpstan/phpstan": "^1.8",
                "phpstan/phpstan-beberlei-assert": "^1.0",
                "phpstan/phpstan-deprecation-rules": "^1.0",
                "phpstan/phpstan-phpunit": "^1.1",
                "phpstan/phpstan-strict-rules": "^1.3",
                "phpunit/phpunit": "^10.0",
                "rector/rector": "^0.15",
                "roave/security-advisories": "dev-latest",
                "symfony/phpunit-bridge": "^6.1",
                "symfony/var-dumper": "^6.1",
                "symplify/easy-coding-standard": "^11.1",
                "thecodingmachine/phpstan-safe-rule": "^1.2"
            },
            "suggest": {
                "ext-bcmath": "For better performance (or GMP)",
                "ext-gmp": "For better performance (or BCMath)",
                "ext-openssl": "For OpenSSL based cyphering"
            },
            "type": "library",
            "autoload": {
                "psr-4": {
                    "SpomkyLabs\\Pki\\": "src/"
                }
            },
            "notification-url": "https://packagist.org/downloads/",
            "license": [
                "MIT"
            ],
            "authors": [
                {
                    "name": "Joni Eskelinen",
                    "email": "jonieske@gmail.com",
                    "role": "Original developer"
                },
                {
                    "name": "Florent Morselli",
                    "email": "florent.morselli@spomky-labs.com",
                    "role": "Spomky-Labs PKI Framework developer"
                }
            ],
            "description": "A PHP framework for managing Public Key Infrastructures. It comprises X.509 public key certificates, attribute certificates, certification requests and certification path validation.",
            "homepage": "https://github.com/spomky-labs/pki-framework",
            "keywords": [
                "DER",
                "Private Key",
                "ac",
                "algorithm identifier",
                "asn.1",
                "asn1",
                "attribute certificate",
                "certificate",
                "certification request",
                "cryptography",
                "csr",
                "decrypt",
                "ec",
                "encrypt",
                "pem",
                "pkcs",
                "public key",
                "rsa",
                "sign",
                "signature",
                "verify",
                "x.509",
                "x.690",
                "x509",
                "x690"
            ],
            "support": {
                "issues": "https://github.com/Spomky-Labs/pki-framework/issues",
                "source": "https://github.com/Spomky-Labs/pki-framework/tree/1.1.0"
            },
            "funding": [
                {
                    "url": "https://github.com/Spomky",
                    "type": "github"
                },
                {
                    "url": "https://www.patreon.com/FlorentMorselli",
                    "type": "patreon"
                }
            ],
            "time": "2023-02-13T17:21:24+00:00"
        },
        {
            "name": "web-token/jwt-core",
            "version": "3.2.8",
            "source": {
                "type": "git",
                "url": "https://github.com/web-token/jwt-core.git",
                "reference": "2bc6e99a60910d0f495682acd8b23d3eef9865a3"
            },
            "dist": {
                "type": "zip",
                "url": "https://api.github.com/repos/web-token/jwt-core/zipball/2bc6e99a60910d0f495682acd8b23d3eef9865a3",
                "reference": "2bc6e99a60910d0f495682acd8b23d3eef9865a3",
                "shasum": ""
            },
            "require": {
                "brick/math": "^0.9|^0.10|^0.11",
                "ext-json": "*",
                "ext-mbstring": "*",
                "paragonie/constant_time_encoding": "^2.4",
                "php": ">=8.1",
                "spomky-labs/pki-framework": "^1.0"
            },
            "conflict": {
                "spomky-labs/jose": "*"
            },
            "type": "library",
            "autoload": {
                "psr-4": {
                    "Jose\\Component\\Core\\": ""
                }
            },
            "notification-url": "https://packagist.org/downloads/",
            "license": [
                "MIT"
            ],
            "authors": [
                {
                    "name": "Florent Morselli",
                    "homepage": "https://github.com/Spomky"
                },
                {
                    "name": "All contributors",
                    "homepage": "https://github.com/web-token/jwt-framework/contributors"
                }
            ],
            "description": "Core component of the JWT Framework.",
            "homepage": "https://github.com/web-token",
            "keywords": [
                "JOSE",
                "JWE",
                "JWK",
                "JWKSet",
                "JWS",
                "Jot",
                "RFC7515",
                "RFC7516",
                "RFC7517",
                "RFC7518",
                "RFC7519",
                "RFC7520",
                "bundle",
                "jwa",
                "jwt",
                "symfony"
            ],
            "support": {
                "source": "https://github.com/web-token/jwt-core/tree/3.2.8"
            },
            "funding": [
                {
                    "url": "https://www.patreon.com/FlorentMorselli",
                    "type": "patreon"
                }
            ],
            "time": "2023-08-23T09:49:09+00:00"
        },
        {
            "name": "web-token/jwt-key-mgmt",
            "version": "3.2.8",
            "source": {
                "type": "git",
                "url": "https://github.com/web-token/jwt-key-mgmt.git",
                "reference": "3b51eeeff38ac58ee86ec83d073b88b8294b1c7e"
            },
            "dist": {
                "type": "zip",
                "url": "https://api.github.com/repos/web-token/jwt-key-mgmt/zipball/3b51eeeff38ac58ee86ec83d073b88b8294b1c7e",
                "reference": "3b51eeeff38ac58ee86ec83d073b88b8294b1c7e",
                "shasum": ""
            },
            "require": {
                "ext-openssl": "*",
                "php": ">=8.1",
                "psr/http-client": "^1.0",
                "psr/http-factory": "^1.0",
                "web-token/jwt-core": "^3.2"
            },
            "suggest": {
                "ext-sodium": "Sodium is required for OKP key creation, EdDSA signature algorithm and ECDH-ES key encryption with OKP keys",
                "php-http/httplug": "To enable JKU/X5U support.",
                "php-http/message-factory": "To enable JKU/X5U support.",
                "web-token/jwt-util-ecc": "To use EC key analyzers."
            },
            "type": "library",
            "autoload": {
                "psr-4": {
                    "Jose\\Component\\KeyManagement\\": ""
                }
            },
            "notification-url": "https://packagist.org/downloads/",
            "license": [
                "MIT"
            ],
            "authors": [
                {
                    "name": "Florent Morselli",
                    "homepage": "https://github.com/Spomky"
                },
                {
                    "name": "All contributors",
                    "homepage": "https://github.com/web-token/jwt-key-mgmt/contributors"
                }
            ],
            "description": "Key Management component of the JWT Framework.",
            "homepage": "https://github.com/web-token",
            "keywords": [
                "JOSE",
                "JWE",
                "JWK",
                "JWKSet",
                "JWS",
                "Jot",
                "RFC7515",
                "RFC7516",
                "RFC7517",
                "RFC7518",
                "RFC7519",
                "RFC7520",
                "bundle",
                "jwa",
                "jwt",
                "symfony"
            ],
            "support": {
                "source": "https://github.com/web-token/jwt-key-mgmt/tree/3.2.8"
            },
            "funding": [
                {
                    "url": "https://www.patreon.com/FlorentMorselli",
                    "type": "patreon"
                }
            ],
            "time": "2023-05-18T16:20:51+00:00"
        },
        {
            "name": "web-token/jwt-signature",
            "version": "3.2.8",
            "source": {
                "type": "git",
                "url": "https://github.com/web-token/jwt-signature.git",
                "reference": "156e0b0ef534e53eecf23a32a92ee6d8cb4fdac4"
            },
            "dist": {
                "type": "zip",
                "url": "https://api.github.com/repos/web-token/jwt-signature/zipball/156e0b0ef534e53eecf23a32a92ee6d8cb4fdac4",
                "reference": "156e0b0ef534e53eecf23a32a92ee6d8cb4fdac4",
                "shasum": ""
            },
            "require": {
                "php": ">=8.1",
                "web-token/jwt-core": "^3.2"
            },
            "suggest": {
                "web-token/jwt-signature-algorithm-ecdsa": "ECDSA Based Signature Algorithms",
                "web-token/jwt-signature-algorithm-eddsa": "EdDSA Based Signature Algorithms",
                "web-token/jwt-signature-algorithm-experimental": "Experimental Signature Algorithms",
                "web-token/jwt-signature-algorithm-hmac": "HMAC Based Signature Algorithms",
                "web-token/jwt-signature-algorithm-none": "None Signature Algorithm",
                "web-token/jwt-signature-algorithm-rsa": "RSA Based Signature Algorithms"
            },
            "type": "library",
            "autoload": {
                "psr-4": {
                    "Jose\\Component\\Signature\\": ""
                }
            },
            "notification-url": "https://packagist.org/downloads/",
            "license": [
                "MIT"
            ],
            "authors": [
                {
                    "name": "Florent Morselli",
                    "homepage": "https://github.com/Spomky"
                },
                {
                    "name": "All contributors",
                    "homepage": "https://github.com/web-token/jwt-signature/contributors"
                }
            ],
            "description": "Signature component of the JWT Framework.",
            "homepage": "https://github.com/web-token",
            "keywords": [
                "JOSE",
                "JWE",
                "JWK",
                "JWKSet",
                "JWS",
                "Jot",
                "RFC7515",
                "RFC7516",
                "RFC7517",
                "RFC7518",
                "RFC7519",
                "RFC7520",
                "bundle",
                "jwa",
                "jwt",
                "symfony"
            ],
            "support": {
                "source": "https://github.com/web-token/jwt-signature/tree/3.2.8"
            },
            "funding": [
                {
                    "url": "https://www.patreon.com/FlorentMorselli",
                    "type": "patreon"
                }
            ],
            "time": "2023-05-18T16:20:51+00:00"
        },
        {
            "name": "web-token/jwt-signature-algorithm-ecdsa",
            "version": "3.2.8",
            "source": {
                "type": "git",
                "url": "https://github.com/web-token/jwt-signature-algorithm-ecdsa.git",
                "reference": "34b119d6b5eca53914ad3b96660e5bd7fb5538b9"
            },
            "dist": {
                "type": "zip",
                "url": "https://api.github.com/repos/web-token/jwt-signature-algorithm-ecdsa/zipball/34b119d6b5eca53914ad3b96660e5bd7fb5538b9",
                "reference": "34b119d6b5eca53914ad3b96660e5bd7fb5538b9",
                "shasum": ""
            },
            "require": {
                "ext-openssl": "*",
                "php": ">=8.1",
                "web-token/jwt-signature": "^3.2"
            },
            "type": "library",
            "autoload": {
                "psr-4": {
                    "Jose\\Component\\Signature\\Algorithm\\": ""
                }
            },
            "notification-url": "https://packagist.org/downloads/",
            "license": [
                "MIT"
            ],
            "authors": [
                {
                    "name": "Florent Morselli",
                    "homepage": "https://github.com/Spomky"
                },
                {
                    "name": "All contributors",
                    "homepage": "https://github.com/web-token/jwt-framework/contributors"
                }
            ],
            "description": "ECDSA Based Signature Algorithms the JWT Framework.",
            "homepage": "https://github.com/web-token",
            "keywords": [
                "JOSE",
                "JWE",
                "JWK",
                "JWKSet",
                "JWS",
                "Jot",
                "RFC7515",
                "RFC7516",
                "RFC7517",
                "RFC7518",
                "RFC7519",
                "RFC7520",
                "bundle",
                "jwa",
                "jwt",
                "symfony"
            ],
            "support": {
                "source": "https://github.com/web-token/jwt-signature-algorithm-ecdsa/tree/3.2.8"
            },
            "funding": [
                {
                    "url": "https://www.patreon.com/FlorentMorselli",
                    "type": "patreon"
                }
            ],
            "time": "2023-05-18T16:20:51+00:00"
        }
    ],
    "packages-dev": [],
    "aliases": [],
    "minimum-stability": "stable",
    "stability-flags": [],
    "prefer-stable": false,
    "prefer-lowest": false,
    "platform": [],
    "platform-dev": [],
    "plugin-api-version": "2.6.0"
}
